
Microsoft Visual Studio Solution File, Format Version 12.00
# Visual Studio 14
VisualStudioVersion = 14.0.25420.1
MinimumVisualStudioVersion = 10.0.40219.1
Project("{FAE04EC0-301F-11D3-BF4B-00C04F79EFBC}") = "MongoDB", "MongoDB\MongoDB.csproj", "{944D164F-6743-4D6C-AD56-F9E909854E5F}"
EndProject
Project("{FAE04EC0-301F-11D3-BF4B-00C04F79EFBC}") = "Data", "Data\Data.csproj", "{42BE2FD2-78B4-4B97-B210-4D05423EE346}"
EndProject
Project("{FAE04EC0-301F-11D3-BF4B-00C04F79EFBC}") = "Business", "Business\Business.csproj", "{1CD17A2D-D081-4B66-8B80-5690EF3A473F}"
EndProject
Project("{FAE04EC0-301F-11D3-BF4B-00C04F79EFBC}") = "Domain", "Domain\Domain.csproj", "{EAD1E07E-1B9F-49A8-B54E-F74E3596D2A9}"
EndProject
Project("{FAE04EC0-301F-11D3-BF4B-00C04F79EFBC}") = "WcfService1", "WcfService1\WcfService1.csproj", "{E7E4A558-2365-4FFC-A88F-446066624809}"
EndProject
Project("{FAE04EC0-301F-11D3-BF4B-00C04F79EFBC}") = "WindowsFormsApplication1", "WindowsFormsApplication1\WindowsFormsApplication1.csproj", "{8737D26F-05C9-4B1B-8DE1-B125DC14235F}"
EndProject
Project("{FAE04EC0-301F-11D3-BF4B-00C04F79EFBC}") = "Library", "Library\Library.csproj", "{BA80A4D6-FD57-4F82-A447-C5A66D1E6C2F}"
EndProject
Project("{FAE04EC0-301F-11D3-BF4B-00C04F79EFBC}") = "WcfAndroid", "..\..\FONSO\MongoDB\WcfAndroid\WcfAndroid.csproj", "{DE703898-A16A-4996-8980-1F250C7C5674}"
EndProject
Project("{FAE04EC0-301F-11D3-BF4B-00C04F79EFBC}") = "WcfPro1", "..\..\FONSO\MongoDB\WcfPro1\WcfPro1.csproj", "{BACE31F8-64CE-4937-B8BE-FCB9154E9436}"
EndProject
Project("{FAE04EC0-301F-11D3-BF4B-00C04F79EFBC}") = "WcfTienda", "..\..\FONSO\MongoDB\WcfTienda\WcfTienda.csproj", "{1AB37ABD-1BD4-4036-8141-074D8303D7E8}"
EndProject
Global
	GlobalSection(SolutionConfigurationPlatforms) = preSolution
		Debug|Any CPU = Debug|Any CPU
		Release|Any CPU = Release|Any CPU
	EndGlobalSection
	GlobalSection(ProjectConfigurationPlatforms) = postSolution
		{944D164F-6743-4D6C-AD56-F9E909854E5F}.Debug|Any CPU.ActiveCfg = Debug|Any CPU
		{944D164F-6743-4D6C-AD56-F9E909854E5F}.Debug|Any CPU.Build.0 = Debug|Any CPU
		{944D164F-6743-4D6C-AD56-F9E909854E5F}.Release|Any CPU.ActiveCfg = Release|Any CPU
		{944D164F-6743-4D6C-AD56-F9E909854E5F}.Release|Any CPU.Build.0 = Release|Any CPU
		{42BE2FD2-78B4-4B97-B210-4D05423EE346}.Debug|Any CPU.ActiveCfg = Debug|Any CPU
		{42BE2FD2-78B4-4B97-B210-4D05423EE346}.Debug|Any CPU.Build.0 = Debug|Any CPU
		{42BE2FD2-78B4-4B97-B210-4D05423EE346}.Release|Any CPU.ActiveCfg = Release|Any CPU
		{42BE2FD2-78B4-4B97-B210-4D05423EE346}.Release|Any CPU.Build.0 = Release|Any CPU
		{1CD17A2D-D081-4B66-8B80-5690EF3A473F}.Debug|Any CPU.ActiveCfg = Debug|Any CPU
		{1CD17A2D-D081-4B66-8B80-5690EF3A473F}.Debug|Any CPU.Build.0 = Debug|Any CPU
		{1CD17A2D-D081-4B66-8B80-5690EF3A473F}.Release|Any CPU.ActiveCfg = Release|Any CPU
		{1CD17A2D-D081-4B66-8B80-5690EF3A473F}.Release|Any CPU.Build.0 = Release|Any CPU
		{EAD1E07E-1B9F-49A8-B54E-F74E3596D2A9}.Debug|Any CPU.ActiveCfg = Debug|Any CPU
		{EAD1E07E-1B9F-49A8-B54E-F74E3596D2A9}.Debug|Any CPU.Build.0 = Debug|Any CPU
		{EAD1E07E-1B9F-49A8-B54E-F74E3596D2A9}.Release|Any CPU.ActiveCfg = Release|Any CPU
		{EAD1E07E-1B9F-49A8-B54E-F74E3596D2A9}.Release|Any CPU.Build.0 = Release|Any CPU
		{E7E4A558-2365-4FFC-A88F-446066624809}.Debug|Any CPU.ActiveCfg = Debug|Any CPU
		{E7E4A558-2365-4FFC-A88F-446066624809}.Debug|Any CPU.Build.0 = Debug|Any CPU
		{E7E4A558-2365-4FFC-A88F-446066624809}.Release|Any CPU.ActiveCfg = Release|Any CPU
		{E7E4A558-2365-4FFC-A88F-446066624809}.Release|Any CPU.Build.0 = Release|Any CPU
		{8737D26F-05C9-4B1B-8DE1-B125DC14235F}.Debug|Any CPU.ActiveCfg = Debug|Any CPU
		{8737D26F-05C9-4B1B-8DE1-B125DC14235F}.Debug|Any CPU.Build.0 = Debug|Any CPU
		{8737D26F-05C9-4B1B-8DE1-B125DC14235F}.Release|Any CPU.ActiveCfg = Release|Any CPU
		{8737D26F-05C9-4B1B-8DE1-B125DC14235F}.Release|Any CPU.Build.0 = Release|Any CPU
		{BA80A4D6-FD57-4F82-A447-C5A66D1E6C2F}.Debug|Any CPU.ActiveCfg = Debug|Any CPU
		{BA80A4D6-FD57-4F82-A447-C5A66D1E6C2F}.Debug|Any CPU.Build.0 = Debug|Any CPU
		{BA80A4D6-FD57-4F82-A447-C5A66D1E6C2F}.Release|Any CPU.ActiveCfg = Release|Any CPU
		{BA80A4D6-FD57-4F82-A447-C5A66D1E6C2F}.Release|Any CPU.Build.0 = Release|Any CPU
		{DE703898-A16A-4996-8980-1F250C7C5674}.Debug|Any CPU.ActiveCfg = Debug|Any CPU
		{DE703898-A16A-4996-8980-1F250C7C5674}.Debug|Any CPU.Build.0 = Debug|Any CPU
		{DE703898-A16A-4996-8980-1F250C7C5674}.Release|Any CPU.ActiveCfg = Release|Any CPU
		{DE703898-A16A-4996-8980-1F250C7C5674}.Release|Any CPU.Build.0 = Release|Any CPU
		{BACE31F8-64CE-4937-B8BE-FCB9154E9436}.Debug|Any CPU.ActiveCfg = Debug|Any CPU
		{BACE31F8-64CE-4937-B8BE-FCB9154E9436}.Debug|Any CPU.Build.0 = Debug|Any CPU
		{BACE31F8-64CE-4937-B8BE-FCB9154E9436}.Release|Any CPU.ActiveCfg = Release|Any CPU
		{BACE31F8-64CE-4937-B8BE-FCB9154E9436}.Release|Any CPU.Build.0 = Release|Any CPU
		{1AB37ABD-1BD4-4036-8141-074D8303D7E8}.Debug|Any CPU.ActiveCfg = Debug|Any CPU
		{1AB37ABD-1BD4-4036-8141-074D8303D7E8}.Debug|Any CPU.Build.0 = Debug|Any CPU
		{1AB37ABD-1BD4-4036-8141-074D8303D7E8}.Release|Any CPU.ActiveCfg = Release|Any CPU
		{1AB37ABD-1BD4-4036-8141-074D8303D7E8}.Release|Any CPU.Build.0 = Release|Any CPU
	EndGlobalSection
	GlobalSection(SolutionProperties) = preSolution
		HideSolutionNode = FALSE
	EndGlobalSection
EndGlobal
